# This file is automatically @generated by Cargo.
# It is not intended for manual editing.
version = 4

[[package]]
name = "glade-binding-api"
version = "0.0.0"
dependencies = [
 "glade-decl",
]

[[package]]
name = "glade-decl"
version = "0.0.0"

[[package]]
name = "glade-invocation-api"
version = "0.0.0"

[[package]]
name = "glade-lifecycle-api"
version = "0.0.0"

[[package]]
name = "glade-persistence-api"
version = "0.0.0"

[[package]]
name = "glade-subscription-api"
version = "0.0.0"

[[package]]
name = "glade-sync-api"
version = "0.0.0"
